
Microsoft Visual Studio Solution File, Format Version 12.00
# Visual Studio Version 16
VisualStudioVersion = 16.0.29926.136
MinimumVisualStudioVersion = 10.0.40219.1
Project("{8BC9CEB8-8B4A-11D0-8D11-00A0C91BC942}") = "SAOD_PR_3", "SAOD_PR_3\SAOD_PR_3.vcxproj", "{10618C25-CDD0-443C-BC9F-4EF4718D5948}"
EndProject
Global
	GlobalSection(SolutionConfigurationPlatforms) = preSolution
		Debug|x64 = Debug|x64
		Debug|x86 = Debug|x86
		Release|x64 = Release|x64
		Release|x86 = Release|x86
	EndGlobalSection
	GlobalSection(ProjectConfigurationPlatforms) = postSolution
		{10618C25-CDD0-443C-BC9F-4EF4718D5948}.Debug|x64.ActiveCfg = Debug|x64
		{10618C25-CDD0-443C-BC9F-4EF4718D5948}.Debug|x64.Build.0 = Debug|x64
		{10618C25-CDD0-443C-BC9F-4EF4718D5948}.Debug|x86.ActiveCfg = Debug|Win32
		{10618C25-CDD0-443C-BC9F-4EF4718D5948}.Debug|x86.Build.0 = Debug|Win32
		{10618C25-CDD0-443C-BC9F-4EF4718D5948}.Release|x64.ActiveCfg = Release|x64
		{10618C25-CDD0-443C-BC9F-4EF4718D5948}.Release|x64.Build.0 = Release|x64
		{10618C25-CDD0-443C-BC9F-4EF4718D5948}.Release|x86.ActiveCfg = Release|Win32
		{10618C25-CDD0-443C-BC9F-4EF4718D5948}.Release|x86.Build.0 = Release|Win32
	EndGlobalSection
	GlobalSection(SolutionProperties) = preSolution
		HideSolutionNode = FALSE
	EndGlobalSection
	GlobalSection(ExtensibilityGlobals) = postSolution
		SolutionGuid = {5DBFFAD7-AC48-47E0-941A-3258F3ACA25C}
	EndGlobalSection
EndGlobal
